<?xml version="1.0" encoding="UTF-8"?>
<!DOCTYPE plist PUBLIC "-//Apple//DTD PLIST 1.0//EN" "http://www.apple.com/DTDs/PropertyList-1.0.dtd">
<plist version="1.0">
<dict>
	<key>archiveVersion</key>
	<string>1</string>
	<key>classes</key>
	<dict/>
	<key>objectVersion</key>
	<string>46</string>
	<key>objects</key>
	<dict>
		<key>1C7FE23266E74649BE11B96D</key>
		<dict>
			<key>includeInIndex</key>
			<string>1</string>
			<key>isa</key>
			<string>PBXFileReference</string>
			<key>lastKnownFileType</key>
			<string>text.xcconfig</string>
			<key>name</key>
			<string>Pods.xcconfig</string>
			<key>path</key>
			<string>Pods/Pods.xcconfig</string>
			<key>sourceTree</key>
			<string>&lt;group&gt;</string>
		</dict>
		<key>25F15BF30C0C4B5D83D581FE</key>
		<dict>
			<key>includeInIndex</key>
			<string>1</string>
			<key>isa</key>
			<string>PBXFileReference</string>
			<key>lastKnownFileType</key>
			<string>text.xcconfig</string>
			<key>name</key>
			<string>Pods-FestoolTests.xcconfig</string>
			<key>path</key>
			<string>Pods/Pods-FestoolTests.xcconfig</string>
			<key>sourceTree</key>
			<string>&lt;group&gt;</string>
		</dict>
		<key>2E977EE2212545A48542CDAC</key>
		<dict>
			<key>buildActionMask</key>
			<string>2147483647</string>
			<key>files</key>
			<array/>
			<key>inputPaths</key>
			<array/>
			<key>isa</key>
			<string>PBXShellScriptBuildPhase</string>
			<key>name</key>
			<string>Check Pods Manifest.lock</string>
			<key>outputPaths</key>
			<array/>
			<key>runOnlyForDeploymentPostprocessing</key>
			<string>0</string>
			<key>shellPath</key>
			<string>/bin/sh</string>
			<key>shellScript</key>
			<string>diff "${PODS_ROOT}/../Podfile.lock" "${PODS_ROOT}/Manifest.lock" &gt; /dev/null
if [[ $? != 0 ]] ; then
    cat &lt;&lt; EOM
error: The sandbox is not in sync with the Podfile.lock. Run 'pod install' or update your CocoaPods installation.
EOM
    exit 1
fi
</string>
			<key>showEnvVarsInLog</key>
			<string>0</string>
		</dict>
		<key>4B42D04D867D40F59E19F0ED</key>
		<dict>
			<key>fileRef</key>
			<string>F39CAB1E16E6487CA4B5CE44</string>
			<key>isa</key>
			<string>PBXBuildFile</string>
		</dict>
		<key>5EBA22591F9D4285926D5F23</key>
		<dict>
			<key>buildActionMask</key>
			<string>2147483647</string>
			<key>files</key>
			<array/>
			<key>inputPaths</key>
			<array/>
			<key>isa</key>
			<string>PBXShellScriptBuildPhase</string>
			<key>name</key>
			<string>Copy Pods Resources</string>
			<key>outputPaths</key>
			<array/>
			<key>runOnlyForDeploymentPostprocessing</key>
			<string>0</string>
			<key>shellPath</key>
			<string>/bin/sh</string>
			<key>shellScript</key>
			<string>"${SRCROOT}/Pods/Pods-FestoolTests-resources.sh"
</string>
			<key>showEnvVarsInLog</key>
			<string>0</string>
		</dict>
		<key>6930128F6A3E476D8BC67154</key>
		<dict>
			<key>explicitFileType</key>
			<string>archive.ar</string>
			<key>includeInIndex</key>
			<string>0</string>
			<key>isa</key>
			<string>PBXFileReference</string>
			<key>path</key>
			<string>libPods.a</string>
			<key>sourceTree</key>
			<string>BUILT_PRODUCTS_DIR</string>
		</dict>
		<key>943B10D7186B762C00417E4D</key>
		<dict>
			<key>children</key>
			<array>
				<string>94620992186B78E300CE7009</string>
				<string>943B10E9186B762C00417E4D</string>
				<string>943B1102186B762C00417E4D</string>
				<string>943B10E2186B762C00417E4D</string>
				<string>943B10E1186B762C00417E4D</string>
				<string>25F15BF30C0C4B5D83D581FE</string>
				<string>1C7FE23266E74649BE11B96D</string>
			</array>
			<key>isa</key>
			<string>PBXGroup</string>
			<key>sourceTree</key>
			<string>&lt;group&gt;</string>
		</dict>
		<key>943B10D8186B762C00417E4D</key>
		<dict>
			<key>attributes</key>
			<dict>
				<key>CLASSPREFIX</key>
				<string>US</string>
				<key>LastUpgradeCheck</key>
				<string>0500</string>
				<key>ORGANIZATIONNAME</key>
				<string>Ullrich Sch&#228;fer</string>
				<key>TargetAttributes</key>
				<dict>
					<key>943B10FA186B762C00417E4D</key>
					<dict>
						<key>TestTargetID</key>
						<string>943B10DF186B762C00417E4D</string>
					</dict>
				</dict>
			</dict>
			<key>buildConfigurationList</key>
			<string>943B10DB186B762C00417E4D</string>
			<key>compatibilityVersion</key>
			<string>Xcode 3.2</string>
			<key>developmentRegion</key>
			<string>English</string>
			<key>hasScannedForEncodings</key>
			<string>0</string>
			<key>isa</key>
			<string>PBXProject</string>
			<key>knownRegions</key>
			<array>
				<string>en</string>
			</array>
			<key>mainGroup</key>
			<string>943B10D7186B762C00417E4D</string>
			<key>productRefGroup</key>
			<string>943B10E1186B762C00417E4D</string>
			<key>projectDirPath</key>
			<string></string>
			<key>projectReferences</key>
			<array/>
			<key>projectRoot</key>
			<string></string>
			<key>targets</key>
			<array>
				<string>943B10DF186B762C00417E4D</string>
				<string>943B10FA186B762C00417E4D</string>
			</array>
		</dict>
		<key>943B10DB186B762C00417E4D</key>
		<dict>
			<key>buildConfigurations</key>
			<array>
				<string>943B110A186B762C00417E4D</string>
				<string>943B110B186B762C00417E4D</string>
			</array>
			<key>defaultConfigurationIsVisible</key>
			<string>0</string>
			<key>defaultConfigurationName</key>
			<string>Release</string>
			<key>isa</key>
			<string>XCConfigurationList</string>
		</dict>
		<key>943B10DC186B762C00417E4D</key>
		<dict>
			<key>buildActionMask</key>
			<string>2147483647</string>
			<key>files</key>
			<array>
				<string>943B10F4186B762C00417E4D</string>
				<string>943B10F0186B762C00417E4D</string>
				<string>94620998186B7D8B00CE7009</string>
				<string>94A2DA21186B96F5009937D7</string>
			</array>
			<key>isa</key>
			<string>PBXSourcesBuildPhase</string>
			<key>runOnlyForDeploymentPostprocessing</key>
			<string>0</string>
		</dict>
		<key>943B10DD186B762C00417E4D</key>
		<dict>
			<key>buildActionMask</key>
			<string>2147483647</string>
			<key>files</key>
			<array>
				<string>943B10E6186B762C00417E4D</string>
				<string>943B10E8186B762C00417E4D</string>
				<string>943B10E4186B762C00417E4D</string>
				<string>D260514C507C4C52B6419323</string>
			</array>
			<key>isa</key>
			<string>PBXFrameworksBuildPhase</string>
			<key>runOnlyForDeploymentPostprocessing</key>
			<string>0</string>
		</dict>
		<key>943B10DE186B762C00417E4D</key>
		<dict>
			<key>buildActionMask</key>
			<string>2147483647</string>
			<key>files</key>
			<array>
				<string>943B10EE186B762C00417E4D</string>
				<string>943B10F6186B762C00417E4D</string>
			</array>
			<key>isa</key>
			<string>PBXResourcesBuildPhase</string>
			<key>runOnlyForDeploymentPostprocessing</key>
			<string>0</string>
		</dict>
		<key>943B10DF186B762C00417E4D</key>
		<dict>
			<key>buildConfigurationList</key>
			<string>943B110C186B762C00417E4D</string>
			<key>buildPhases</key>
			<array>
				<string>2E977EE2212545A48542CDAC</string>
				<string>943B10DC186B762C00417E4D</string>
				<string>943B10DD186B762C00417E4D</string>
				<string>943B10DE186B762C00417E4D</string>
				<string>A5E2DEE252894047A9D0B479</string>
			</array>
			<key>buildRules</key>
			<array/>
			<key>dependencies</key>
			<array/>
			<key>isa</key>
			<string>PBXNativeTarget</string>
			<key>name</key>
			<string>FestoolExample</string>
			<key>productName</key>
			<string>Festool</string>
			<key>productReference</key>
			<string>943B10E0186B762C00417E4D</string>
			<key>productType</key>
			<string>com.apple.product-type.application</string>
		</dict>
		<key>943B10E0186B762C00417E4D</key>
		<dict>
			<key>explicitFileType</key>
			<string>wrapper.application</string>
			<key>includeInIndex</key>
			<string>0</string>
			<key>isa</key>
			<string>PBXFileReference</string>
			<key>path</key>
			<string>FestoolExample.app</string>
			<key>sourceTree</key>
			<string>BUILT_PRODUCTS_DIR</string>
		</dict>
		<key>943B10E1186B762C00417E4D</key>
		<dict>
			<key>children</key>
			<array>
				<string>943B10E0186B762C00417E4D</string>
				<string>943B10FB186B762C00417E4D</string>
			</array>
			<key>isa</key>
			<string>PBXGroup</string>
			<key>name</key>
			<string>Products</string>
			<key>sourceTree</key>
			<string>&lt;group&gt;</string>
		</dict>
		<key>943B10E2186B762C00417E4D</key>
		<dict>
			<key>children</key>
			<array>
				<string>943B10E3186B762C00417E4D</string>
				<string>943B10E5186B762C00417E4D</string>
				<string>943B10E7186B762C00417E4D</string>
				<string>943B10FC186B762C00417E4D</string>
				<string>F39CAB1E16E6487CA4B5CE44</string>
				<string>6930128F6A3E476D8BC67154</string>
			</array>
			<key>isa</key>
			<string>PBXGroup</string>
			<key>name</key>
			<string>Frameworks</string>
			<key>sourceTree</key>
			<string>&lt;group&gt;</string>
		</dict>
		<key>943B10E3186B762C00417E4D</key>
		<dict>
			<key>isa</key>
			<string>PBXFileReference</string>
			<key>lastKnownFileType</key>
			<string>wrapper.framework</string>
			<key>name</key>
			<string>Foundation.framework</string>
			<key>path</key>
			<string>System/Library/Frameworks/Foundation.framework</string>
			<key>sourceTree</key>
			<string>SDKROOT</string>
		</dict>
		<key>943B10E4186B762C00417E4D</key>
		<dict>
			<key>fileRef</key>
			<string>943B10E3186B762C00417E4D</string>
			<key>isa</key>
			<string>PBXBuildFile</string>
		</dict>
		<key>943B10E5186B762C00417E4D</key>
		<dict>
			<key>isa</key>
			<string>PBXFileReference</string>
			<key>lastKnownFileType</key>
			<string>wrapper.framework</string>
			<key>name</key>
			<string>CoreGraphics.framework</string>
			<key>path</key>
			<string>System/Library/Frameworks/CoreGraphics.framework</string>
			<key>sourceTree</key>
			<string>SDKROOT</string>
		</dict>
		<key>943B10E6186B762C00417E4D</key>
		<dict>
			<key>fileRef</key>
			<string>943B10E5186B762C00417E4D</string>
			<key>isa</key>
			<string>PBXBuildFile</string>
		</dict>
		<key>943B10E7186B762C00417E4D</key>
		<dict>
			<key>isa</key>
			<string>PBXFileReference</string>
			<key>lastKnownFileType</key>
			<string>wrapper.framework</string>
			<key>name</key>
			<string>UIKit.framework</string>
			<key>path</key>
			<string>System/Library/Frameworks/UIKit.framework</string>
			<key>sourceTree</key>
			<string>SDKROOT</string>
		</dict>
		<key>943B10E8186B762C00417E4D</key>
		<dict>
			<key>fileRef</key>
			<string>943B10E7186B762C00417E4D</string>
			<key>isa</key>
			<string>PBXBuildFile</string>
		</dict>
		<key>943B10E9186B762C00417E4D</key>
		<dict>
			<key>children</key>
			<array>
				<string>943B10F2186B762C00417E4D</string>
				<string>943B10F3186B762C00417E4D</string>
				<string>943B10F5186B762C00417E4D</string>
				<string>943B10EA186B762C00417E4D</string>
			</array>
			<key>isa</key>
			<string>PBXGroup</string>
			<key>path</key>
			<string>Example</string>
			<key>sourceTree</key>
			<string>&lt;group&gt;</string>
		</dict>
		<key>943B10EA186B762C00417E4D</key>
		<dict>
			<key>children</key>
			<array>
				<string>943B10EB186B762C00417E4D</string>
				<string>943B10EC186B762C00417E4D</string>
				<string>943B10EF186B762C00417E4D</string>
				<string>943B10F1186B762C00417E4D</string>
			</array>
			<key>isa</key>
			<string>PBXGroup</string>
			<key>name</key>
			<string>Supporting Files</string>
			<key>sourceTree</key>
			<string>&lt;group&gt;</string>
		</dict>
		<key>943B10EB186B762C00417E4D</key>
		<dict>
			<key>isa</key>
			<string>PBXFileReference</string>
			<key>lastKnownFileType</key>
			<string>text.plist.xml</string>
			<key>path</key>
			<string>Festool-Info.plist</string>
			<key>sourceTree</key>
			<string>&lt;group&gt;</string>
		</dict>
		<key>943B10EC186B762C00417E4D</key>
		<dict>
			<key>children</key>
			<array>
				<string>943B10ED186B762C00417E4D</string>
			</array>
			<key>isa</key>
			<string>PBXVariantGroup</string>
			<key>name</key>
			<string>InfoPlist.strings</string>
			<key>sourceTree</key>
			<string>&lt;group&gt;</string>
		</dict>
		<key>943B10ED186B762C00417E4D</key>
		<dict>
			<key>isa</key>
			<string>PBXFileReference</string>
			<key>lastKnownFileType</key>
			<string>text.plist.strings</string>
			<key>name</key>
			<string>en</string>
			<key>path</key>
			<string>en.lproj/InfoPlist.strings</string>
			<key>sourceTree</key>
			<string>&lt;group&gt;</string>
		</dict>
		<key>943B10EE186B762C00417E4D</key>
		<dict>
			<key>fileRef</key>
			<string>943B10EC186B762C00417E4D</string>
			<key>isa</key>
			<string>PBXBuildFile</string>
		</dict>
		<key>943B10EF186B762C00417E4D</key>
		<dict>
			<key>isa</key>
			<string>PBXFileReference</string>
			<key>lastKnownFileType</key>
			<string>sourcecode.c.objc</string>
			<key>path</key>
			<string>main.m</string>
			<key>sourceTree</key>
			<string>&lt;group&gt;</string>
		</dict>
		<key>943B10F0186B762C00417E4D</key>
		<dict>
			<key>fileRef</key>
			<string>943B10EF186B762C00417E4D</string>
			<key>isa</key>
			<string>PBXBuildFile</string>
		</dict>
		<key>943B10F1186B762C00417E4D</key>
		<dict>
			<key>isa</key>
			<string>PBXFileReference</string>
			<key>lastKnownFileType</key>
			<string>sourcecode.c.h</string>
			<key>path</key>
			<string>Festool-Prefix.pch</string>
			<key>sourceTree</key>
			<string>&lt;group&gt;</string>
		</dict>
		<key>943B10F2186B762C00417E4D</key>
		<dict>
			<key>isa</key>
			<string>PBXFileReference</string>
			<key>lastKnownFileType</key>
			<string>sourcecode.c.h</string>
			<key>path</key>
			<string>USAppDelegate.h</string>
			<key>sourceTree</key>
			<string>&lt;group&gt;</string>
		</dict>
		<key>943B10F3186B762C00417E4D</key>
		<dict>
			<key>isa</key>
			<string>PBXFileReference</string>
			<key>lastKnownFileType</key>
			<string>sourcecode.c.objc</string>
			<key>path</key>
			<string>USAppDelegate.m</string>
			<key>sourceTree</key>
			<string>&lt;group&gt;</string>
		</dict>
		<key>943B10F4186B762C00417E4D</key>
		<dict>
			<key>fileRef</key>
			<string>943B10F3186B762C00417E4D</string>
			<key>isa</key>
			<string>PBXBuildFile</string>
		</dict>
		<key>943B10F5186B762C00417E4D</key>
		<dict>
			<key>isa</key>
			<string>PBXFileReference</string>
			<key>lastKnownFileType</key>
			<string>folder.assetcatalog</string>
			<key>path</key>
			<string>Images.xcassets</string>
			<key>sourceTree</key>
			<string>&lt;group&gt;</string>
		</dict>
		<key>943B10F6186B762C00417E4D</key>
		<dict>
			<key>fileRef</key>
			<string>943B10F5186B762C00417E4D</string>
			<key>isa</key>
			<string>PBXBuildFile</string>
		</dict>
		<key>943B10F7186B762C00417E4D</key>
		<dict>
			<key>buildActionMask</key>
			<string>2147483647</string>
			<key>files</key>
			<array>
				<string>94A2DA23186B9726009937D7</string>
				<string>94A2DA1D186B8AB2009937D7</string>
				<string>94A2DA1B186B8A6B009937D7</string>
				<string>943B1109186B762C00417E4D</string>
			</array>
			<key>isa</key>
			<string>PBXSourcesBuildPhase</string>
			<key>runOnlyForDeploymentPostprocessing</key>
			<string>0</string>
		</dict>
		<key>943B10F8186B762C00417E4D</key>
		<dict>
			<key>buildActionMask</key>
			<string>2147483647</string>
			<key>files</key>
			<array>
				<string>943B10FD186B762C00417E4D</string>
				<string>943B10FF186B762C00417E4D</string>
				<string>943B10FE186B762C00417E4D</string>
				<string>4B42D04D867D40F59E19F0ED</string>
			</array>
			<key>isa</key>
			<string>PBXFrameworksBuildPhase</string>
			<key>runOnlyForDeploymentPostprocessing</key>
			<string>0</string>
		</dict>
		<key>943B10F9186B762C00417E4D</key>
		<dict>
			<key>buildActionMask</key>
			<string>2147483647</string>
			<key>files</key>
			<array>
				<string>943B1107186B762C00417E4D</string>
			</array>
			<key>isa</key>
			<string>PBXResourcesBuildPhase</string>
			<key>runOnlyForDeploymentPostprocessing</key>
			<string>0</string>
		</dict>
		<key>943B10FA186B762C00417E4D</key>
		<dict>
			<key>buildConfigurationList</key>
			<string>943B110F186B762C00417E4D</string>
			<key>buildPhases</key>
			<array>
				<string>9CA43B0678F34E85B1DA4F16</string>
				<string>943B10F7186B762C00417E4D</string>
				<string>943B10F8186B762C00417E4D</string>
				<string>943B10F9186B762C00417E4D</string>
				<string>5EBA22591F9D4285926D5F23</string>
			</array>
			<key>buildRules</key>
			<array/>
			<key>dependencies</key>
			<array>
				<string>943B1101186B762C00417E4D</string>
			</array>
			<key>isa</key>
			<string>PBXNativeTarget</string>
			<key>name</key>
			<string>FestoolTests</string>
			<key>productName</key>
			<string>FestoolTests</string>
			<key>productReference</key>
			<string>943B10FB186B762C00417E4D</string>
			<key>productType</key>
			<string>com.apple.product-type.bundle.unit-test</string>
		</dict>
		<key>943B10FB186B762C00417E4D</key>
		<dict>
			<key>explicitFileType</key>
			<string>wrapper.cfbundle</string>
			<key>includeInIndex</key>
			<string>0</string>
			<key>isa</key>
			<string>PBXFileReference</string>
			<key>path</key>
			<string>FestoolTests.xctest</string>
			<key>sourceTree</key>
			<string>BUILT_PRODUCTS_DIR</string>
		</dict>
		<key>943B10FC186B762C00417E4D</key>
		<dict>
			<key>isa</key>
			<string>PBXFileReference</string>
			<key>lastKnownFileType</key>
			<string>wrapper.framework</string>
			<key>name</key>
			<string>XCTest.framework</string>
			<key>path</key>
			<string>Library/Frameworks/XCTest.framework</string>
			<key>sourceTree</key>
			<string>DEVELOPER_DIR</string>
		</dict>
		<key>943B10FD186B762C00417E4D</key>
		<dict>
			<key>fileRef</key>
			<string>943B10FC186B762C00417E4D</string>
			<key>isa</key>
			<string>PBXBuildFile</string>
		</dict>
		<key>943B10FE186B762C00417E4D</key>
		<dict>
			<key>fileRef</key>
			<string>943B10E3186B762C00417E4D</string>
			<key>isa</key>
			<string>PBXBuildFile</string>
		</dict>
		<key>943B10FF186B762C00417E4D</key>
		<dict>
			<key>fileRef</key>
			<string>943B10E7186B762C00417E4D</string>
			<key>isa</key>
			<string>PBXBuildFile</string>
		</dict>
		<key>943B1100186B762C00417E4D</key>
		<dict>
			<key>containerPortal</key>
			<string>943B10D8186B762C00417E4D</string>
			<key>isa</key>
			<string>PBXContainerItemProxy</string>
			<key>proxyType</key>
			<string>1</string>
			<key>remoteGlobalIDString</key>
			<string>943B10DF186B762C00417E4D</string>
			<key>remoteInfo</key>
			<string>Festool</string>
		</dict>
		<key>943B1101186B762C00417E4D</key>
		<dict>
			<key>isa</key>
			<string>PBXTargetDependency</string>
			<key>target</key>
			<string>943B10DF186B762C00417E4D</string>
			<key>targetProxy</key>
			<string>943B1100186B762C00417E4D</string>
		</dict>
		<key>943B1102186B762C00417E4D</key>
		<dict>
			<key>children</key>
			<array>
				<string>94A2DA1E186B8AC7009937D7</string>
				<string>94A2DA1C186B8AB2009937D7</string>
				<string>943B1108186B762C00417E4D</string>
				<string>94A2DA1A186B8A6B009937D7</string>
				<string>94A2DA22186B9726009937D7</string>
				<string>943B1103186B762C00417E4D</string>
			</array>
			<key>isa</key>
			<string>PBXGroup</string>
			<key>path</key>
			<string>FestoolTests</string>
			<key>sourceTree</key>
			<string>&lt;group&gt;</string>
		</dict>
		<key>943B1103186B762C00417E4D</key>
		<dict>
			<key>children</key>
			<array>
				<string>943B1104186B762C00417E4D</string>
				<string>943B1105186B762C00417E4D</string>
			</array>
			<key>isa</key>
			<string>PBXGroup</string>
			<key>name</key>
			<string>Supporting Files</string>
			<key>sourceTree</key>
			<string>&lt;group&gt;</string>
		</dict>
		<key>943B1104186B762C00417E4D</key>
		<dict>
			<key>isa</key>
			<string>PBXFileReference</string>
			<key>lastKnownFileType</key>
			<string>text.plist.xml</string>
			<key>path</key>
			<string>FestoolTests-Info.plist</string>
			<key>sourceTree</key>
			<string>&lt;group&gt;</string>
		</dict>
		<key>943B1105186B762C00417E4D</key>
		<dict>
			<key>children</key>
			<array>
				<string>943B1106186B762C00417E4D</string>
			</array>
			<key>isa</key>
			<string>PBXVariantGroup</string>
			<key>name</key>
			<string>InfoPlist.strings</string>
			<key>sourceTree</key>
			<string>&lt;group&gt;</string>
		</dict>
		<key>943B1106186B762C00417E4D</key>
		<dict>
			<key>isa</key>
			<string>PBXFileReference</string>
			<key>lastKnownFileType</key>
			<string>text.plist.strings</string>
			<key>name</key>
			<string>en</string>
			<key>path</key>
			<string>en.lproj/InfoPlist.strings</string>
			<key>sourceTree</key>
			<string>&lt;group&gt;</string>
		</dict>
		<key>943B1107186B762C00417E4D</key>
		<dict>
			<key>fileRef</key>
			<string>943B1105186B762C00417E4D</string>
			<key>isa</key>
			<string>PBXBuildFile</string>
		</dict>
		<key>943B1108186B762C00417E4D</key>
		<dict>
			<key>isa</key>
			<string>PBXFileReference</string>
			<key>lastKnownFileType</key>
			<string>sourcecode.c.objc</string>
			<key>path</key>
			<string>FestoolTests.m</string>
			<key>sourceTree</key>
			<string>&lt;group&gt;</string>
		</dict>
		<key>943B1109186B762C00417E4D</key>
		<dict>
			<key>fileRef</key>
			<string>943B1108186B762C00417E4D</string>
			<key>isa</key>
			<string>PBXBuildFile</string>
		</dict>
		<key>943B110A186B762C00417E4D</key>
		<dict>
			<key>buildSettings</key>
			<dict>
				<key>ALWAYS_SEARCH_USER_PATHS</key>
				<string>NO</string>
				<key>ARCHS</key>
				<string>$(ARCHS_STANDARD_INCLUDING_64_BIT)</string>
				<key>CLANG_CXX_LANGUAGE_STANDARD</key>
				<string>gnu++0x</string>
				<key>CLANG_CXX_LIBRARY</key>
				<string>libc++</string>
				<key>CLANG_ENABLE_MODULES</key>
				<string>YES</string>
				<key>CLANG_ENABLE_OBJC_ARC</key>
				<string>YES</string>
				<key>CLANG_WARN_BOOL_CONVERSION</key>
				<string>YES</string>
				<key>CLANG_WARN_CONSTANT_CONVERSION</key>
				<string>YES</string>
				<key>CLANG_WARN_DIRECT_OBJC_ISA_USAGE</key>
				<string>YES_ERROR</string>
				<key>CLANG_WARN_EMPTY_BODY</key>
				<string>YES</string>
				<key>CLANG_WARN_ENUM_CONVERSION</key>
				<string>YES</string>
				<key>CLANG_WARN_INT_CONVERSION</key>
				<string>YES</string>
				<key>CLANG_WARN_OBJC_ROOT_CLASS</key>
				<string>YES_ERROR</string>
				<key>CLANG_WARN__DUPLICATE_METHOD_MATCH</key>
				<string>YES</string>
				<key>CODE_SIGN_IDENTITY[sdk=iphoneos*]</key>
				<string>iPhone Developer</string>
				<key>COPY_PHASE_STRIP</key>
				<string>NO</string>
				<key>GCC_C_LANGUAGE_STANDARD</key>
				<string>gnu99</string>
				<key>GCC_DYNAMIC_NO_PIC</key>
				<string>NO</string>
				<key>GCC_OPTIMIZATION_LEVEL</key>
				<string>0</string>
				<key>GCC_PREPROCESSOR_DEFINITIONS</key>
				<array>
					<string>DEBUG=1</string>
					<string>$(inherited)</string>
				</array>
				<key>GCC_SYMBOLS_PRIVATE_EXTERN</key>
				<string>NO</string>
				<key>GCC_WARN_64_TO_32_BIT_CONVERSION</key>
				<string>YES</string>
				<key>GCC_WARN_ABOUT_RETURN_TYPE</key>
				<string>YES_ERROR</string>
				<key>GCC_WARN_UNDECLARED_SELECTOR</key>
				<string>YES</string>
				<key>GCC_WARN_UNINITIALIZED_AUTOS</key>
				<string>YES</string>
				<key>GCC_WARN_UNUSED_FUNCTION</key>
				<string>YES</string>
				<key>GCC_WARN_UNUSED_VARIABLE</key>
				<string>YES</string>
				<key>IPHONEOS_DEPLOYMENT_TARGET</key>
				<string>7.0</string>
				<key>ONLY_ACTIVE_ARCH</key>
				<string>YES</string>
				<key>SDKROOT</key>
				<string>iphoneos</string>
				<key>TARGETED_DEVICE_FAMILY</key>
				<string>1,2</string>
			</dict>
			<key>isa</key>
			<string>XCBuildConfiguration</string>
			<key>name</key>
			<string>Debug</string>
		</dict>
		<key>943B110B186B762C00417E4D</key>
		<dict>
			<key>buildSettings</key>
			<dict>
				<key>ALWAYS_SEARCH_USER_PATHS</key>
				<string>NO</string>
				<key>ARCHS</key>
				<string>$(ARCHS_STANDARD_INCLUDING_64_BIT)</string>
				<key>CLANG_CXX_LANGUAGE_STANDARD</key>
				<string>gnu++0x</string>
				<key>CLANG_CXX_LIBRARY</key>
				<string>libc++</string>
				<key>CLANG_ENABLE_MODULES</key>
				<string>YES</string>
				<key>CLANG_ENABLE_OBJC_ARC</key>
				<string>YES</string>
				<key>CLANG_WARN_BOOL_CONVERSION</key>
				<string>YES</string>
				<key>CLANG_WARN_CONSTANT_CONVERSION</key>
				<string>YES</string>
				<key>CLANG_WARN_DIRECT_OBJC_ISA_USAGE</key>
				<string>YES_ERROR</string>
				<key>CLANG_WARN_EMPTY_BODY</key>
				<string>YES</string>
				<key>CLANG_WARN_ENUM_CONVERSION</key>
				<string>YES</string>
				<key>CLANG_WARN_INT_CONVERSION</key>
				<string>YES</string>
				<key>CLANG_WARN_OBJC_ROOT_CLASS</key>
				<string>YES_ERROR</string>
				<key>CLANG_WARN__DUPLICATE_METHOD_MATCH</key>
				<string>YES</string>
				<key>CODE_SIGN_IDENTITY[sdk=iphoneos*]</key>
				<string>iPhone Developer</string>
				<key>COPY_PHASE_STRIP</key>
				<string>YES</string>
				<key>ENABLE_NS_ASSERTIONS</key>
				<string>NO</string>
				<key>GCC_C_LANGUAGE_STANDARD</key>
				<string>gnu99</string>
				<key>GCC_WARN_64_TO_32_BIT_CONVERSION</key>
				<string>YES</string>
				<key>GCC_WARN_ABOUT_RETURN_TYPE</key>
				<string>YES_ERROR</string>
				<key>GCC_WARN_UNDECLARED_SELECTOR</key>
				<string>YES</string>
				<key>GCC_WARN_UNINITIALIZED_AUTOS</key>
				<string>YES</string>
				<key>GCC_WARN_UNUSED_FUNCTION</key>
				<string>YES</string>
				<key>GCC_WARN_UNUSED_VARIABLE</key>
				<string>YES</string>
				<key>IPHONEOS_DEPLOYMENT_TARGET</key>
				<string>7.0</string>
				<key>SDKROOT</key>
				<string>iphoneos</string>
				<key>TARGETED_DEVICE_FAMILY</key>
				<string>1,2</string>
				<key>VALIDATE_PRODUCT</key>
				<string>YES</string>
			</dict>
			<key>isa</key>
			<string>XCBuildConfiguration</string>
			<key>name</key>
			<string>Release</string>
		</dict>
		<key>943B110C186B762C00417E4D</key>
		<dict>
			<key>buildConfigurations</key>
			<array>
				<string>943B110D186B762C00417E4D</string>
				<string>943B110E186B762C00417E4D</string>
			</array>
			<key>defaultConfigurationIsVisible</key>
			<string>0</string>
			<key>defaultConfigurationName</key>
			<string>Release</string>
			<key>isa</key>
			<string>XCConfigurationList</string>
		</dict>
		<key>943B110D186B762C00417E4D</key>
		<dict>
			<key>baseConfigurationReference</key>
			<string>1C7FE23266E74649BE11B96D</string>
			<key>buildSettings</key>
			<dict>
				<key>ASSETCATALOG_COMPILER_APPICON_NAME</key>
				<string>AppIcon</string>
				<key>ASSETCATALOG_COMPILER_LAUNCHIMAGE_NAME</key>
				<string>LaunchImage</string>
				<key>GCC_PRECOMPILE_PREFIX_HEADER</key>
				<string>YES</string>
				<key>GCC_PREFIX_HEADER</key>
				<string>Example/Festool-Prefix.pch</string>
				<key>INFOPLIST_FILE</key>
				<string>Example/Festool-Info.plist</string>
				<key>PRODUCT_NAME</key>
				<string>$(TARGET_NAME)</string>
				<key>WRAPPER_EXTENSION</key>
				<string>app</string>
			</dict>
			<key>isa</key>
			<string>XCBuildConfiguration</string>
			<key>name</key>
			<string>Debug</string>
		</dict>
		<key>943B110E186B762C00417E4D</key>
		<dict>
			<key>baseConfigurationReference</key>
			<string>1C7FE23266E74649BE11B96D</string>
			<key>buildSettings</key>
			<dict>
				<key>ASSETCATALOG_COMPILER_APPICON_NAME</key>
				<string>AppIcon</string>
				<key>ASSETCATALOG_COMPILER_LAUNCHIMAGE_NAME</key>
				<string>LaunchImage</string>
				<key>GCC_PRECOMPILE_PREFIX_HEADER</key>
				<string>YES</string>
				<key>GCC_PREFIX_HEADER</key>
				<string>Example/Festool-Prefix.pch</string>
				<key>INFOPLIST_FILE</key>
				<string>Example/Festool-Info.plist</string>
				<key>PRODUCT_NAME</key>
				<string>$(TARGET_NAME)</string>
				<key>WRAPPER_EXTENSION</key>
				<string>app</string>
			</dict>
			<key>isa</key>
			<string>XCBuildConfiguration</string>
			<key>name</key>
			<string>Release</string>
		</dict>
		<key>943B110F186B762C00417E4D</key>
		<dict>
			<key>buildConfigurations</key>
			<array>
				<string>943B1110186B762C00417E4D</string>
				<string>943B1111186B762C00417E4D</string>
			</array>
			<key>defaultConfigurationIsVisible</key>
			<string>0</string>
			<key>defaultConfigurationName</key>
			<string>Release</string>
			<key>isa</key>
			<string>XCConfigurationList</string>
		</dict>
		<key>943B1110186B762C00417E4D</key>
		<dict>
			<key>baseConfigurationReference</key>
			<string>25F15BF30C0C4B5D83D581FE</string>
			<key>buildSettings</key>
			<dict>
				<key>ARCHS</key>
				<string>$(ARCHS_STANDARD_INCLUDING_64_BIT)</string>
				<key>BUNDLE_LOADER</key>
				<string>$(BUILT_PRODUCTS_DIR)/FestoolExample.app/FestoolExample</string>
				<key>FRAMEWORK_SEARCH_PATHS</key>
				<array>
					<string>$(SDKROOT)/Developer/Library/Frameworks</string>
					<string>$(inherited)</string>
					<string>$(DEVELOPER_FRAMEWORKS_DIR)</string>
				</array>
				<key>GCC_PRECOMPILE_PREFIX_HEADER</key>
				<string>YES</string>
				<key>GCC_PREFIX_HEADER</key>
				<string>Example/Festool-Prefix.pch</string>
				<key>GCC_PREPROCESSOR_DEFINITIONS</key>
				<array>
					<string>DEBUG=1</string>
					<string>$(inherited)</string>
				</array>
				<key>INFOPLIST_FILE</key>
				<string>FestoolTests/FestoolTests-Info.plist</string>
				<key>PRODUCT_NAME</key>
				<string>$(TARGET_NAME)</string>
				<key>TEST_HOST</key>
				<string>$(BUNDLE_LOADER)</string>
				<key>WRAPPER_EXTENSION</key>
				<string>xctest</string>
			</dict>
			<key>isa</key>
			<string>XCBuildConfiguration</string>
			<key>name</key>
			<string>Debug</string>
		</dict>
		<key>943B1111186B762C00417E4D</key>
		<dict>
			<key>baseConfigurationReference</key>
			<string>25F15BF30C0C4B5D83D581FE</string>
			<key>buildSettings</key>
			<dict>
				<key>ARCHS</key>
				<string>$(ARCHS_STANDARD_INCLUDING_64_BIT)</string>
				<key>BUNDLE_LOADER</key>
				<string>$(BUILT_PRODUCTS_DIR)/FestoolExample.app/FestoolExample</string>
				<key>FRAMEWORK_SEARCH_PATHS</key>
				<array>
					<string>$(SDKROOT)/Developer/Library/Frameworks</string>
					<string>$(inherited)</string>
					<string>$(DEVELOPER_FRAMEWORKS_DIR)</string>
				</array>
				<key>GCC_PRECOMPILE_PREFIX_HEADER</key>
				<string>YES</string>
				<key>GCC_PREFIX_HEADER</key>
				<string>Example/Festool-Prefix.pch</string>
				<key>INFOPLIST_FILE</key>
				<string>FestoolTests/FestoolTests-Info.plist</string>
				<key>PRODUCT_NAME</key>
				<string>$(TARGET_NAME)</string>
				<key>TEST_HOST</key>
				<string>$(BUNDLE_LOADER)</string>
				<key>WRAPPER_EXTENSION</key>
				<string>xctest</string>
			</dict>
			<key>isa</key>
			<string>XCBuildConfiguration</string>
			<key>name</key>
			<string>Release</string>
		</dict>
		<key>94620992186B78E300CE7009</key>
		<dict>
			<key>children</key>
			<array>
				<string>94620996186B7D8B00CE7009</string>
				<string>94620997186B7D8B00CE7009</string>
				<string>94A2DA1F186B96F5009937D7</string>
				<string>94A2DA20186B96F5009937D7</string>
			</array>
			<key>isa</key>
			<string>PBXGroup</string>
			<key>path</key>
			<string>Classes</string>
			<key>sourceTree</key>
			<string>&lt;group&gt;</string>
		</dict>
		<key>94620996186B7D8B00CE7009</key>
		<dict>
			<key>fileEncoding</key>
			<string>4</string>
			<key>isa</key>
			<string>PBXFileReference</string>
			<key>lastKnownFileType</key>
			<string>sourcecode.c.h</string>
			<key>path</key>
			<string>USRouter.h</string>
			<key>sourceTree</key>
			<string>&lt;group&gt;</string>
		</dict>
		<key>94620997186B7D8B00CE7009</key>
		<dict>
			<key>fileEncoding</key>
			<string>4</string>
			<key>isa</key>
			<string>PBXFileReference</string>
			<key>lastKnownFileType</key>
			<string>sourcecode.c.objc</string>
			<key>path</key>
			<string>USRouter.m</string>
			<key>sourceTree</key>
			<string>&lt;group&gt;</string>
		</dict>
		<key>94620998186B7D8B00CE7009</key>
		<dict>
			<key>fileRef</key>
			<string>94620997186B7D8B00CE7009</string>
			<key>isa</key>
			<string>PBXBuildFile</string>
		</dict>
		<key>94A2DA1A186B8A6B009937D7</key>
		<dict>
			<key>fileEncoding</key>
			<string>4</string>
			<key>isa</key>
			<string>PBXFileReference</string>
			<key>lastKnownFileType</key>
			<string>sourcecode.c.objc</string>
			<key>path</key>
			<string>FestoolNavigationTests.m</string>
			<key>sourceTree</key>
			<string>&lt;group&gt;</string>
		</dict>
		<key>94A2DA1B186B8A6B009937D7</key>
		<dict>
			<key>fileRef</key>
			<string>94A2DA1A186B8A6B009937D7</string>
			<key>isa</key>
			<string>PBXBuildFile</string>
		</dict>
		<key>94A2DA1C186B8AB2009937D7</key>
		<dict>
			<key>fileEncoding</key>
			<string>4</string>
			<key>isa</key>
			<string>PBXFileReference</string>
			<key>lastKnownFileType</key>
			<string>sourcecode.c.objc</string>
			<key>path</key>
			<string>FestoolTestCase.m</string>
			<key>sourceTree</key>
			<string>&lt;group&gt;</string>
		</dict>
		<key>94A2DA1D186B8AB2009937D7</key>
		<dict>
			<key>fileRef</key>
			<string>94A2DA1C186B8AB2009937D7</string>
			<key>isa</key>
			<string>PBXBuildFile</string>
		</dict>
		<key>94A2DA1E186B8AC7009937D7</key>
		<dict>
			<key>isa</key>
			<string>PBXFileReference</string>
			<key>lastKnownFileType</key>
			<string>sourcecode.c.h</string>
			<key>path</key>
			<string>FestoolTestCase.h</string>
			<key>sourceTree</key>
			<string>&lt;group&gt;</string>
		</dict>
		<key>94A2DA1F186B96F5009937D7</key>
		<dict>
			<key>fileEncoding</key>
			<string>4</string>
			<key>isa</key>
			<string>PBXFileReference</string>
			<key>lastKnownFileType</key>
			<string>sourcecode.c.h</string>
			<key>path</key>
			<string>USRoute.h</string>
			<key>sourceTree</key>
			<string>&lt;group&gt;</string>
		</dict>
		<key>94A2DA20186B96F5009937D7</key>
		<dict>
			<key>fileEncoding</key>
			<string>4</string>
			<key>isa</key>
			<string>PBXFileReference</string>
			<key>lastKnownFileType</key>
			<string>sourcecode.c.objc</string>
			<key>path</key>
			<string>USRoute.m</string>
			<key>sourceTree</key>
			<string>&lt;group&gt;</string>
		</dict>
		<key>94A2DA21186B96F5009937D7</key>
		<dict>
			<key>fileRef</key>
			<string>94A2DA20186B96F5009937D7</string>
			<key>isa</key>
			<string>PBXBuildFile</string>
		</dict>
		<key>94A2DA22186B9726009937D7</key>
		<dict>
			<key>fileEncoding</key>
			<string>4</string>
			<key>isa</key>
			<string>PBXFileReference</string>
			<key>lastKnownFileType</key>
			<string>sourcecode.c.objc</string>
			<key>path</key>
			<string>FestoolRouteTests.m</string>
			<key>sourceTree</key>
			<string>&lt;group&gt;</string>
		</dict>
		<key>94A2DA23186B9726009937D7</key>
		<dict>
			<key>fileRef</key>
			<string>94A2DA22186B9726009937D7</string>
			<key>isa</key>
			<string>PBXBuildFile</string>
		</dict>
		<key>9CA43B0678F34E85B1DA4F16</key>
		<dict>
			<key>buildActionMask</key>
			<string>2147483647</string>
			<key>files</key>
			<array/>
			<key>inputPaths</key>
			<array/>
			<key>isa</key>
			<string>PBXShellScriptBuildPhase</string>
			<key>name</key>
			<string>Check Pods Manifest.lock</string>
			<key>outputPaths</key>
			<array/>
			<key>runOnlyForDeploymentPostprocessing</key>
			<string>0</string>
			<key>shellPath</key>
			<string>/bin/sh</string>
			<key>shellScript</key>
			<string>diff "${PODS_ROOT}/../Podfile.lock" "${PODS_ROOT}/Manifest.lock" &gt; /dev/null
if [[ $? != 0 ]] ; then
    cat &lt;&lt; EOM
error: The sandbox is not in sync with the Podfile.lock. Run 'pod install' or update your CocoaPods installation.
EOM
    exit 1
fi
</string>
			<key>showEnvVarsInLog</key>
			<string>0</string>
		</dict>
		<key>A5E2DEE252894047A9D0B479</key>
		<dict>
			<key>buildActionMask</key>
			<string>2147483647</string>
			<key>files</key>
			<array/>
			<key>inputPaths</key>
			<array/>
			<key>isa</key>
			<string>PBXShellScriptBuildPhase</string>
			<key>name</key>
			<string>Copy Pods Resources</string>
			<key>outputPaths</key>
			<array/>
			<key>runOnlyForDeploymentPostprocessing</key>
			<string>0</string>
			<key>shellPath</key>
			<string>/bin/sh</string>
			<key>shellScript</key>
			<string>"${SRCROOT}/Pods/Pods-resources.sh"
</string>
			<key>showEnvVarsInLog</key>
			<string>0</string>
		</dict>
		<key>D260514C507C4C52B6419323</key>
		<dict>
			<key>fileRef</key>
			<string>6930128F6A3E476D8BC67154</string>
			<key>isa</key>
			<string>PBXBuildFile</string>
		</dict>
		<key>F39CAB1E16E6487CA4B5CE44</key>
		<dict>
			<key>explicitFileType</key>
			<string>archive.ar</string>
			<key>includeInIndex</key>
			<string>0</string>
			<key>isa</key>
			<string>PBXFileReference</string>
			<key>path</key>
			<string>libPods-FestoolTests.a</string>
			<key>sourceTree</key>
			<string>BUILT_PRODUCTS_DIR</string>
		</dict>
	</dict>
	<key>rootObject</key>
	<string>943B10D8186B762C00417E4D</string>
</dict>
</plist>
